// !$*UTF8*$!
{
	archiveVersion = 1;
	classes = {
	};
	objectVersion = 56;
	objects = {

/* Begin PBXBuildFile section */
		1A0000000000000000000031 /* LocalScribeRecorderApp.swift in Sources */ = {isa = PBXBuildFile; fileRef = 1A0000000000000000000011 /* LocalScribeRecorderApp.swift */; };
		1A0000000000000000000032 /* AppState.swift in Sources */ = {isa = PBXBuildFile; fileRef = 1A0000000000000000000012 /* AppState.swift */; };
		1A0000000000000000000033 /* Settings.swift in Sources */ = {isa = PBXBuildFile; fileRef = 1A0000000000000000000013 /* Settings.swift */; };
		1A0000000000000000000034 /* MicRecorder.swift in Sources */ = {isa = PBXBuildFile; fileRef = 1A0000000000000000000014 /* MicRecorder.swift */; };
		1A0000000000000000000035 /* SystemAudioRecorder.swift in Sources */ = {isa = PBXBuildFile; fileRef = 1A0000000000000000000015 /* SystemAudioRecorder.swift */; };
		1A0000000000000000000036 /* AudioMixer.swift in Sources */ = {isa = PBXBuildFile; fileRef = 1A0000000000000000000016 /* AudioMixer.swift */; };
		1A0000000000000000000037 /* Transcriber.swift in Sources */ = {isa = PBXBuildFile; fileRef = 1A0000000000000000000017 /* Transcriber.swift */; };
		1A0000000000000000000038 /* MenuContentView.swift in Sources */ = {isa = PBXBuildFile; fileRef = 1A0000000000000000000018 /* MenuContentView.swift */; };
/* End PBXBuildFile section */

/* Begin PBXFileReference section */
		1A0000000000000000000001 /* LocalScribeRecorder.app */ = {isa = PBXFileReference; explicitFileType = wrapper.application; includeInIndex = 0; path = LocalScribeRecorder.app; sourceTree = BUILT_PRODUCTS_DIR; };
		1A0000000000000000000011 /* LocalScribeRecorderApp.swift */ = {isa = PBXFileReference; lastKnownFileType = sourcecode.swift; path = LocalScribeRecorderApp.swift; sourceTree = "<group>"; };
		1A0000000000000000000012 /* AppState.swift */ = {isa = PBXFileReference; lastKnownFileType = sourcecode.swift; path = AppState.swift; sourceTree = "<group>"; };
		1A0000000000000000000013 /* Settings.swift */ = {isa = PBXFileReference; lastKnownFileType = sourcecode.swift; path = Settings.swift; sourceTree = "<group>"; };
		1A0000000000000000000014 /* MicRecorder.swift */ = {isa = PBXFileReference; lastKnownFileType = sourcecode.swift; path = MicRecorder.swift; sourceTree = "<group>"; };
		1A0000000000000000000015 /* SystemAudioRecorder.swift */ = {isa = PBXFileReference; lastKnownFileType = sourcecode.swift; path = SystemAudioRecorder.swift; sourceTree = "<group>"; };
		1A0000000000000000000016 /* AudioMixer.swift */ = {isa = PBXFileReference; lastKnownFileType = sourcecode.swift; path = AudioMixer.swift; sourceTree = "<group>"; };
		1A0000000000000000000017 /* Transcriber.swift */ = {isa = PBXFileReference; lastKnownFileType = sourcecode.swift; path = Transcriber.swift; sourceTree = "<group>"; };
		1A0000000000000000000018 /* MenuContentView.swift */ = {isa = PBXFileReference; lastKnownFileType = sourcecode.swift; path = MenuContentView.swift; sourceTree = "<group>"; };
		1A0000000000000000000020 /* Info.plist */ = {isa = PBXFileReference; lastKnownFileType = text.plist.xml; path = Info.plist; sourceTree = "<group>"; };
		1A0000000000000000000021 /* LocalScribeRecorder.entitlements */ = {isa = PBXFileReference; lastKnownFileType = text.plist.entitlements; path = LocalScribeRecorder.entitlements; sourceTree = "<group>"; };
/* End PBXFileReference section */

/* Begin PBXFrameworksBuildPhase section */
		1A0000000000000000000051 /* Frameworks */ = {
			isa = PBXFrameworksBuildPhase;
			buildActionMask = 2147483647;
			files = (
			);
			runOnlyForDeploymentPostprocessing = 0;
		};
/* End PBXFrameworksBuildPhase section */

/* Begin PBXGroup section */
		1A0000000000000000000040 = {
			isa = PBXGroup;
			children = (
				1A0000000000000000000041 /* LocalScribeRecorder */,
				1A0000000000000000000042 /* Products */,
			);
			sourceTree = "<group>";
		};
		1A0000000000000000000041 /* LocalScribeRecorder */ = {
			isa = PBXGroup;
			children = (
				1A0000000000000000000011 /* LocalScribeRecorderApp.swift */,
				1A0000000000000000000012 /* AppState.swift */,
				1A0000000000000000000013 /* Settings.swift */,
				1A0000000000000000000014 /* MicRecorder.swift */,
				1A0000000000000000000015 /* SystemAudioRecorder.swift */,
				1A0000000000000000000016 /* AudioMixer.swift */,
				1A0000000000000000000017 /* Transcriber.swift */,
				1A0000000000000000000018 /* MenuContentView.swift */,
				1A0000000000000000000020 /* Info.plist */,
				1A0000000000000000000021 /* LocalScribeRecorder.entitlements */,
			);
			path = LocalScribeRecorder;
			sourceTree = "<group>";
		};
		1A0000000000000000000042 /* Products */ = {
			isa = PBXGroup;
			children = (
				1A0000000000000000000001 /* LocalScribeRecorder.app */,
			);
			name = Products;
			sourceTree = "<group>";
		};
/* End PBXGroup section */

/* Begin PBXNativeTarget section */
		1A0000000000000000000060 /* LocalScribeRecorder */ = {
			isa = PBXNativeTarget;
			buildConfigurationList = 1A0000000000000000000071 /* Build configuration list for PBXNativeTarget "LocalScribeRecorder" */;
			buildPhases = (
				1A0000000000000000000050 /* Sources */,
				1A0000000000000000000051 /* Frameworks */,
				1A0000000000000000000052 /* Resources */,
			);
			buildRules = (
			);
			dependencies = (
			);
			name = LocalScribeRecorder;
			productName = LocalScribeRecorder;
			productReference = 1A0000000000000000000001 /* LocalScribeRecorder.app */;
			productType = "com.apple.product-type.application";
		};
/* End PBXNativeTarget section */

/* Begin PBXProject section */
		1A0000000000000000000061 /* Project object */ = {
			isa = PBXProject;
			attributes = {
				BuildIndependentTargetsInParallel = 1;
				LastSwiftUpdateCheck = 1540;
				LastUpgradeCheck = 1540;
				TargetAttributes = {
					1A0000000000000000000060 = {
						CreatedOnToolsVersion = 15.4;
					};
				};
			};
			buildConfigurationList = 1A0000000000000000000070 /* Build configuration list for PBXProject "LocalScribeRecorder" */;
			compatibilityVersion = "Xcode 14.0";
			developmentRegion = en;
			hasScannedForEncodings = 0;
			knownRegions = (
				en,
				Base,
			);
			mainGroup = 1A0000000000000000000040;
			productRefGroup = 1A0000000000000000000042 /* Products */;
			projectDirPath = "";
			projectRoot = "";
			targets = (
				1A0000000000000000000060 /* LocalScribeRecorder */,
			);
		};
/* End PBXProject section */

/* Begin PBXResourcesBuildPhase section */
		1A0000000000000000000052 /* Resources */ = {
			isa = PBXResourcesBuildPhase;
			buildActionMask = 2147483647;
			files = (
			);
			runOnlyForDeploymentPostprocessing = 0;
		};
/* End PBXResourcesBuildPhase section */

/* Begin PBXSourcesBuildPhase section */
		1A0000000000000000000050 /* Sources */ = {
			isa = PBXSourcesBuildPhase;
			buildActionMask = 2147483647;
			files = (
				1A0000000000000000000031 /* LocalScribeRecorderApp.swift in Sources */,
				1A0000000000000000000032 /* AppState.swift in Sources */,
				1A0000000000000000000033 /* Settings.swift in Sources */,
				1A0000000000000000000034 /* MicRecorder.swift in Sources */,
				1A0000000000000000000035 /* SystemAudioRecorder.swift in Sources */,
				1A0000000000000000000036 /* AudioMixer.swift in Sources */,
				1A0000000000000000000037 /* Transcriber.swift in Sources */,
				1A0000000000000000000038 /* MenuContentView.swift in Sources */,
			);
			runOnlyForDeploymentPostprocessing = 0;
		};
/* End PBXSourcesBuildPhase section */

/* Begin XCBuildConfiguration section */
		1A0000000000000000000080 /* Debug */ = {
			isa = XCBuildConfiguration;
			buildSettings = {
				ALWAYS_SEARCH_USER_PATHS = NO;
				CLANG_ANALYZER_NONNULL = YES;
				CLANG_ENABLE_MODULES = YES;
				CLANG_ENABLE_OBJC_ARC = YES;
				COPY_PHASE_STRIP = NO;
				DEBUG_INFORMATION_FORMAT = dwarf;
				ENABLE_STRICT_OBJC_MSGSEND = YES;
				ENABLE_TESTABILITY = YES;
				GCC_DYNAMIC_NO_PIC = NO;
				GCC_OPTIMIZATION_LEVEL = 0;
				GCC_PREPROCESSOR_DEFINITIONS = (
					"DEBUG=1",
					"$(inherited)",
				);
				MACOSX_DEPLOYMENT_TARGET = 14.0;
				ONLY_ACTIVE_ARCH = YES;
				SDKROOT = macosx;
				SWIFT_ACTIVE_COMPILATION_CONDITIONS = DEBUG;
				SWIFT_OPTIMIZATION_LEVEL = "-Onone";
			};
			name = Debug;
		};
		1A0000000000000000000081 /* Release */ = {
			isa = XCBuildConfiguration;
			buildSettings = {
				ALWAYS_SEARCH_USER_PATHS = NO;
				CLANG_ANALYZER_NONNULL = YES;
				CLANG_ENABLE_MODULES = YES;
				CLANG_ENABLE_OBJC_ARC = YES;
				COPY_PHASE_STRIP = NO;
				DEBUG_INFORMATION_FORMAT = "dwarf-with-dsym";
				ENABLE_NS_ASSERTIONS = NO;
				ENABLE_STRICT_OBJC_MSGSEND = YES;
				GCC_OPTIMIZATION_LEVEL = s;
				MACOSX_DEPLOYMENT_TARGET = 14.0;
				SDKROOT = macosx;
				SWIFT_COMPILATION_MODE = wholemodule;
				SWIFT_OPTIMIZATION_LEVEL = "-O";
			};
			name = Release;
		};
		1A0000000000000000000082 /* Debug */ = {
			isa = XCBuildConfiguration;
			buildSettings = {
				ASSETCATALOG_COMPILER_GENERATE_ASSET_SYMBOLS = NO;
				CODE_SIGN_ENTITLEMENTS = LocalScribeRecorder/LocalScribeRecorder.entitlements;
				CODE_SIGN_IDENTITY = "-";
				CODE_SIGN_STYLE = Manual;
				COMBINE_HIDPI_IMAGES = YES;
				CURRENT_PROJECT_VERSION = 1;
				DEVELOPMENT_TEAM = "";
				ENABLE_HARDENED_RUNTIME = YES;
				GENERATE_INFOPLIST_FILE = NO;
				INFOPLIST_FILE = LocalScribeRecorder/Info.plist;
				LD_RUNPATH_SEARCH_PATHS = (
					"$(inherited)",
					"@executable_path/../Frameworks",
				);
				MARKETING_VERSION = 1.0;
				PRODUCT_BUNDLE_IDENTIFIER = com.localscribe.LocalScribeRecorder;
				PRODUCT_NAME = "$(TARGET_NAME)";
				PROVISIONING_PROFILE_SPECIFIER = "";
				SWIFT_EMIT_LOC_STRINGS = YES;
				SWIFT_VERSION = 5.0;
			};
			name = Debug;
		};
		1A0000000000000000000083 /* Release */ = {
			isa = XCBuildConfiguration;
			buildSettings = {
				ASSETCATALOG_COMPILER_GENERATE_ASSET_SYMBOLS = NO;
				CODE_SIGN_ENTITLEMENTS = LocalScribeRecorder/LocalScribeRecorder.entitlements;
				CODE_SIGN_IDENTITY = "-";
				CODE_SIGN_STYLE = Manual;
				COMBINE_HIDPI_IMAGES = YES;
				CURRENT_PROJECT_VERSION = 1;
				DEVELOPMENT_TEAM = "";
				ENABLE_HARDENED_RUNTIME = YES;
				GENERATE_INFOPLIST_FILE = NO;
				INFOPLIST_FILE = LocalScribeRecorder/Info.plist;
				LD_RUNPATH_SEARCH_PATHS = (
					"$(inherited)",
					"@executable_path/../Frameworks",
				);
				MARKETING_VERSION = 1.0;
				PRODUCT_BUNDLE_IDENTIFIER = com.localscribe.LocalScribeRecorder;
				PRODUCT_NAME = "$(TARGET_NAME)";
				PROVISIONING_PROFILE_SPECIFIER = "";
				SWIFT_EMIT_LOC_STRINGS = YES;
				SWIFT_VERSION = 5.0;
			};
			name = Release;
		};
/* End XCBuildConfiguration section */

/* Begin XCConfigurationList section */
		1A0000000000000000000070 /* Build configuration list for PBXProject "LocalScribeRecorder" */ = {
			isa = XCConfigurationList;
			buildConfigurations = (
				1A0000000000000000000080 /* Debug */,
				1A0000000000000000000081 /* Release */,
			);
			defaultConfigurationIsVisible = 0;
			defaultConfigurationName = Release;
		};
		1A0000000000000000000071 /* Build configuration list for PBXNativeTarget "LocalScribeRecorder" */ = {
			isa = XCConfigurationList;
			buildConfigurations = (
				1A0000000000000000000082 /* Debug */,
				1A0000000000000000000083 /* Release */,
			);
			defaultConfigurationIsVisible = 0;
			defaultConfigurationName = Release;
		};
/* End XCConfigurationList section */
	};
	rootObject = 1A0000000000000000000061 /* Project object */;
}
